
Microsoft Visual Studio Solution File, Format Version 12.00
# Visual Studio Version 16
VisualStudioVersion = 16.0.29905.134
MinimumVisualStudioVersion = 10.0.40219.1
Project("{FAE04EC0-301F-11D3-BF4B-00C04F79EFBC}") = "FileTextSearcher", "FileTextSearcher\FileTextSearcher.csproj", "{F4C0CD72-1729-406A-9CC4-0B3B37811B6B}"
EndProject
Project("{9A19103F-16F7-4668-BE54-9A1E7A4F7556}") = "SearchClassLibrary", "SearchClassLibrary\SearchClassLibrary.csproj", "{1383D0DB-2D00-4A08-BEB3-9FD6456BDC32}"
EndProject
Global
	GlobalSection(SolutionConfigurationPlatforms) = preSolution
		Debug|Any CPU = Debug|Any CPU
		Release|Any CPU = Release|Any CPU
	EndGlobalSection
	GlobalSection(ProjectConfigurationPlatforms) = postSolution
		{F4C0CD72-1729-406A-9CC4-0B3B37811B6B}.Debug|Any CPU.ActiveCfg = Debug|Any CPU
		{F4C0CD72-1729-406A-9CC4-0B3B37811B6B}.Debug|Any CPU.Build.0 = Debug|Any CPU
		{F4C0CD72-1729-406A-9CC4-0B3B37811B6B}.Release|Any CPU.ActiveCfg = Release|Any CPU
		{F4C0CD72-1729-406A-9CC4-0B3B37811B6B}.Release|Any CPU.Build.0 = Release|Any CPU
		{1383D0DB-2D00-4A08-BEB3-9FD6456BDC32}.Debug|Any CPU.ActiveCfg = Debug|Any CPU
		{1383D0DB-2D00-4A08-BEB3-9FD6456BDC32}.Debug|Any CPU.Build.0 = Debug|Any CPU
		{1383D0DB-2D00-4A08-BEB3-9FD6456BDC32}.Release|Any CPU.ActiveCfg = Release|Any CPU
		{1383D0DB-2D00-4A08-BEB3-9FD6456BDC32}.Release|Any CPU.Build.0 = Release|Any CPU
		{90EE65F3-8135-497A-8E2E-908C10C51745}.Debug|Any CPU.ActiveCfg = Debug|Any CPU
		{90EE65F3-8135-497A-8E2E-908C10C51745}.Debug|Any CPU.Build.0 = Debug|Any CPU
		{90EE65F3-8135-497A-8E2E-908C10C51745}.Release|Any CPU.ActiveCfg = Release|Any CPU
		{90EE65F3-8135-497A-8E2E-908C10C51745}.Release|Any CPU.Build.0 = Release|Any CPU
	EndGlobalSection
	GlobalSection(SolutionProperties) = preSolution
		HideSolutionNode = FALSE
	EndGlobalSection
	GlobalSection(ExtensibilityGlobals) = postSolution
		SolutionGuid = {F8905DF7-9C86-4A76-A294-06D035D12CBB}
	EndGlobalSection
EndGlobal
